lockfileVersion: '9.0'

settings:
  autoInstallPeers: true
  excludeLinksFromLockfile: false

importers:

  .:
    dependencies:
      '@types/node':
        specifier: 20.6.0
        version: 20.6.0
      knip:
        specifier: 5.60.0
        version: 5.60.0(@types/node@20.6.0)(typescript@5.2.2)
      typescript:
        specifier: 5.2.2
        version: 5.2.2

packages:

  '@emnapi/core@1.5.0':
    resolution: {integrity: sha512-sbP8GzB1WDzacS8fgNPpHlp6C9VZe+SJP3F90W9rLemaQj2PzIuTEl1qDOYQf58YIpyjViI24y9aPWCjEzY2cg==}

  '@emnapi/runtime@1.5.0':
    resolution: {integrity: sha512-97/BJ3iXHww3djw6hYIfErCZFee7qCtrneuLa20UXFCOTCfBM2cvQHjWJ2EG0s0MtdNwInarqCTz35i4wWXHsQ==}

  '@emnapi/wasi-threads@1.1.0':
    resolution: {integrity: sha512-WI0DdZ8xFSbgMjR1sFsKABJ/C5OnRrjT06JXbZKexJGrDuPTzZdDYfFlsgcCXCyf+suG5QU2e/y1Wo2V/OapLQ==}

  '@napi-rs/wasm-runtime@1.0.5':
    resolution: {integrity: sha512-TBr9Cf9onSAS2LQ2+QHx6XcC6h9+RIzJgbqG3++9TUZSH204AwEy5jg3BTQ0VATsyoGj4ee49tN/y6rvaOOtcg==}

  '@nodelib/fs.scandir@2.1.5':
    resolution: {integrity: sha512-vq24Bq3ym5HEQm2NKCr3yXDwjc7vTsEThRDnkp2DK9p1uqLR+DHurm/NOTo0KG7HYHU7eppKZj3MyqYuMBf62g==}
    engines: {node: '>= 8'}

  '@nodelib/fs.stat@2.0.5':
    resolution: {integrity: sha512-RkhPPp2zrqDAQA/2jNhnztcPAlv64XdhIp7a7454A5ovI7Bukxgt7MX7udwAu3zg1DcpPU0rz3VV1SeaqvY4+A==}
    engines: {node: '>= 8'}

  '@nodelib/fs.walk@1.2.8':
    resolution: {integrity: sha512-oGB+UxlgWcgQkgwo8GcEGwemoTFt3FIO9ababBmaGwXIoBKZ+GTy0pP185beGg7Llih/NSHSV2XAs1lnznocSg==}
    engines: {node: '>= 8'}

  '@oxc-resolver/binding-android-arm-eabi@11.8.2':
    resolution: {integrity: sha512-7hykBf8S24IRbO4ueulT9SfYQjTeSOOimKc/CQrWXIWQy1WTePXSNcPq2RkVHO7DdLM8p8X4DVPYy+850Bo93g==}
    cpu: [arm]
    os: [android]

  '@oxc-resolver/binding-android-arm64@11.8.2':
    resolution: {integrity: sha512-y41bxENMjlFuLSLCPWd4A+1PR7T5rU9+e7+4alje3sHgrpRmS3hIU+b1Cvck4qmcUgd0I98NmYxRM65kXGEObQ==}
    cpu: [arm64]
    os: [android]

  '@oxc-resolver/binding-darwin-arm64@11.8.2':
    resolution: {integrity: sha512-P/Zobk9OwQAblAMeiVyOtuX2LjGN8oq5HonvN3mp9S6Kx1GKxREbf5qW+g24Rvhf5WS7et+EmopUGRHSdAItGQ==}
    cpu: [arm64]
    os: [darwin]

  '@oxc-resolver/binding-darwin-x64@11.8.2':
    resolution: {integrity: sha512-EMAQoO9uTiz2H0z71bVzTL77eoBAlN5+KD7HUc9ayYJ5TprU+Oeaml4y4fmsFyspSPN/vGJzEvOWl5GR0adwtw==}
    cpu: [x64]
    os: [darwin]

  '@oxc-resolver/binding-freebsd-x64@11.8.2':
    resolution: {integrity: sha512-Fzeupf4tH9woMm6O/pirEtuzO5docwTrs747Nxqh33OSkz7GbrevyDpx1Q1pc2l3JA2BlDX4zm18tW5ys65bjA==}
    cpu: [x64]
    os: [freebsd]

  '@oxc-resolver/binding-linux-arm-gnueabihf@11.8.2':
    resolution: {integrity: sha512-r9IiPTwc5STC2JahU/rfkbO2BE14MqAVmFbtF7uW7KFaZX/lUnFltkQ5jpwAgKqcef5aIZTJI95qJ03XZw08Rg==}
    cpu: [arm]
    os: [linux]

  '@oxc-resolver/binding-linux-arm-musleabihf@11.8.2':
    resolution: {integrity: sha512-Q5D8FbxOyQYcWn5s9yv+DyFvcMSUXE87hmL9WG6ICdNZiMUA8DmIbzK1xEnOtDjorEFU44bwH3I9SnqL1kyOsg==}
    cpu: [arm]
    os: [linux]

  '@oxc-resolver/binding-linux-arm64-gnu@11.8.2':
    resolution: {integrity: sha512-8g2Y72gavZ8fesZD22cKo0Z8g8epynwShu7M+wpAoOq432IGUyUxPUKB2/nvyogPToaAlb1OsRiX/za8W4h8Aw==}
    cpu: [arm64]
    os: [linux]

  '@oxc-resolver/binding-linux-arm64-musl@11.8.2':
    resolution: {integrity: sha512-N3BPWnIDRmHn/xPDZGKnzFwWxwH1hvs3aVnw4jvMAYarPNDZfbAY+fjHSIwkypV+ozMoJ5lK5PzRO5BOtEx2oQ==}
    cpu: [arm64]
    os: [linux]

  '@oxc-resolver/binding-linux-ppc64-gnu@11.8.2':
    resolution: {integrity: sha512-AXW2AyjENmzNuZD3Z2TO1QWoZzfULWR1otDzw/+MAVMRXBy3W50XxDqNAflRiLB4o0aI0oDTwMfeyuhVv9Ur8Q==}
    cpu: [ppc64]
    os: [linux]

  '@oxc-resolver/binding-linux-riscv64-gnu@11.8.2':
    resolution: {integrity: sha512-oX+qxJdqOfrJUkGWmcNpu7wiFs6E7KH6hqUORkMAgl4yW+LZxPTz5P4DHvTqTFMywbs9hXVu2KQrdD8ROrdhMQ==}
    cpu: [riscv64]
    os: [linux]

  '@oxc-resolver/binding-linux-riscv64-musl@11.8.2':
    resolution: {integrity: sha512-TG7LpxXjqlpD1aWnAXw6vMgY74KNV92exPixzEj4AKm4LdGsfnSWYTTJcTQ7deFMYxvBGrZ+qEy8DjGx+5w9GQ==}
    cpu: [riscv64]
    os: [linux]

  '@oxc-resolver/binding-linux-s390x-gnu@11.8.2':
    resolution: {integrity: sha512-1PpXMq0KMD3CQPn3v/UqU4NM2JFjry+mLIH1d3iNVL2vlwRt9lxRfpXTiyiFJrtroUIyeKhw0QbHbF2UfnZVKQ==}
    cpu: [s390x]
    os: [linux]

  '@oxc-resolver/binding-linux-x64-gnu@11.8.2':
    resolution: {integrity: sha512-V1iYhEDbjQzj+o7JgTYVllRgNZ56Tjw0rPBWw03KJQ8Nphy00Vf7AySf22vV0K/93V1lPCgOSbI5/iunRnIfAw==}
    cpu: [x64]
    os: [linux]

  '@oxc-resolver/binding-linux-x64-musl@11.8.2':
    resolution: {integrity: sha512-2hYNXEZSUM7qLEk4uuY3GmMqLU+860v+8PzbloVvRRjTWtHsLZyB5w+5p2gel38eaTcSYfZ2zvp3xcSpKDAbaw==}
    cpu: [x64]
    os: [linux]

  '@oxc-resolver/binding-wasm32-wasi@11.8.2':
    resolution: {integrity: sha512-TjFqB+1siSqhd+S64Hf2qbxqWqtFIlld4DDEVotxOjj5//rX/6uwAL1HWnUHSNIni+wpcyQoXPhO3fBgppCvuA==}
    engines: {node: '>=14.0.0'}
    cpu: [wasm32]

  '@oxc-resolver/binding-win32-arm64-msvc@11.8.2':
    resolution: {integrity: sha512-fs0X6RcAC/khWbXIhPaYQjFHkrFVUtC2IOw1QEx2unRoe6M11tlYbY9NHr3VFBC3nwVpodX+b14A7jGMkAQK8A==}
    cpu: [arm64]
    os: [win32]

  '@oxc-resolver/binding-win32-ia32-msvc@11.8.2':
    resolution: {integrity: sha512-7oEl1ThswVePprRQFc3tzW9IZgVi5xaus/KP3k56eKi2tYpAM0hBvehD8WBsmpgBEb7pe2pI08h9OZveAddt3Q==}
    cpu: [ia32]
    os: [win32]

  '@oxc-resolver/binding-win32-x64-msvc@11.8.2':
    resolution: {integrity: sha512-MngRjE/gpQpg3QcnWRqxX5Nbr/vZJSG7oxhXeHUeOhdFgg+0xCuGpDtwqFmGGVKnd6FQg0gKVo1MqDAERLkEPA==}
    cpu: [x64]
    os: [win32]

  '@tybys/wasm-util@0.10.1':
    resolution: {integrity: sha512-9tTaPJLSiejZKx+Bmog4uSubteqTvFrVrURwkmHixBo0G4seD0zUxp98E1DzUBJxLQ3NPwXrGKDiVjwx/DpPsg==}

  '@types/node@20.6.0':
    resolution: {integrity: sha512-najjVq5KN2vsH2U/xyh2opaSEz6cZMR2SetLIlxlj08nOcmPOemJmUK2o4kUzfLqfrWE0PIrNeE16XhYDd3nqg==}

  argparse@2.0.1:
    resolution: {integrity: sha512-8+9WqebbFzpX9OR+Wa6O29asIogeRMzcGtAINdpMHHyAg10f05aSFVBbcEqGf/PXw1EjAZ+q2/bEBg3DvurK3Q==}

  braces@3.0.3:
    resolution: {integrity: sha512-yQbXgO/OSZVD2IsiLlro+7Hf6Q18EJrKSEsdoMzKePKXct3gvD8oLcOQdIzGupr5Fj+EDe8gO/lxc1BzfMpxvA==}
    engines: {node: '>=8'}

  fast-glob@3.3.3:
    resolution: {integrity: sha512-7MptL8U0cqcFdzIzwOTHoilX9x5BrNqye7Z/LuC7kCMRio1EMSyqRK3BEAUD7sXRq4iT4AzTVuZdhgQ2TCvYLg==}
    engines: {node: '>=8.6.0'}

  fastq@1.19.1:
    resolution: {integrity: sha512-GwLTyxkCXjXbxqIhTsMI2Nui8huMPtnxg7krajPJAjnEG/iiOS7i+zCtWGZR9G0NBKbXKh6X9m9UIsYX/N6vvQ==}

  fd-package-json@2.0.0:
    resolution: {integrity: sha512-jKmm9YtsNXN789RS/0mSzOC1NUq9mkVd65vbSSVsKdjGvYXBuE4oWe2QOEoFeRmJg+lPuZxpmrfFclNhoRMneQ==}

  fill-range@7.1.1:
    resolution: {integrity: sha512-YsGpe3WHLK8ZYi4tWDg2Jy3ebRz2rXowDxnld4bkQB00cc/1Zw9AWnC0i9ztDJitivtQvaI9KaLyKrc+hBW0yg==}
    engines: {node: '>=8'}

  formatly@0.2.4:
    resolution: {integrity: sha512-lIN7GpcvX/l/i24r/L9bnJ0I8Qn01qijWpQpDDvTLL29nKqSaJJu4h20+7VJ6m2CAhQ2/En/GbxDiHCzq/0MyA==}
    engines: {node: '>=18.3.0'}
    hasBin: true

  glob-parent@5.1.2:
    resolution: {integrity: sha512-AOIgSQCepiJYwP3ARnGx+5VnTu2HBYdzbGP45eLw1vr3zB3vZLeyed1sC9hnbcOc9/SrMyM5RPQrkGz4aS9Zow==}
    engines: {node: '>= 6'}

  is-extglob@2.1.1:
    resolution: {integrity: sha512-SbKbANkN603Vi4jEZv49LeVJMn4yGwsbzZworEoyEiutsN3nJYdbO36zfhGJ6QEDpOZIFkDtnq5JRxmvl3jsoQ==}
    engines: {node: '>=0.10.0'}

  is-glob@4.0.3:
    resolution: {integrity: sha512-xelSayHH36ZgE7ZWhli7pW34hNbNl8Ojv5KVmkJD4hBdD3th8Tfk9vYasLM+mXWOZhFkgZfxhLSnrwRr4elSSg==}
    engines: {node: '>=0.10.0'}

  is-number@7.0.0:
    resolution: {integrity: sha512-41Cifkg6e8TylSpdtTpeLVMqvSBEVzTttHvERD741+pnZ8ANv0004MRL43QKPDlK9cGvNp6NZWZUBlbGXYxxng==}
    engines: {node: '>=0.12.0'}

  jiti@2.5.1:
    resolution: {integrity: sha512-twQoecYPiVA5K/h6SxtORw/Bs3ar+mLUtoPSc7iMXzQzK8d7eJ/R09wmTwAjiamETn1cXYPGfNnu7DMoHgu12w==}
    hasBin: true

  js-yaml@4.1.0:
    resolution: {integrity: sha512-wpxZs9NoxZaJESJGIZTyDEaYpl0FKSA+FB9aJiyemKhMwkxQg63h4T1KJgUGHpTqPDNRcmmYLugrRjJlBtWvRA==}
    hasBin: true

  knip@5.60.0:
    resolution: {integrity: sha512-r6oIbaV0Ztz/7DKe1voxg2O5IRhLi9Q0GjhplfRqUZ1gvTChew6ywmLzehuaXIHVKkPs8LF5UKOxFlc93RKzow==}
    engines: {node: '>=18.18.0'}
    hasBin: true
    peerDependencies:
      '@types/node': '>=18'
      typescript: '>=5.0.4'

  merge2@1.4.1:
    resolution: {integrity: sha512-8q7VEgMJW4J8tcfVPy8g09NcQwZdbwFEqhe/WZkoIzjn/3TGDwtOCYtXGxA3O8tPzpczCCDgv+P2P5y00ZJOOg==}
    engines: {node: '>= 8'}

  micromatch@4.0.8:
    resolution: {integrity: sha512-PXwfBhYu0hBCPw8Dn0E+WDYb7af3dSLVWKi3HGv84IdF4TyFoC0ysxFd0Goxw7nSv4T/PzEJQxsYsEiFCKo2BA==}
    engines: {node: '>=8.6'}

  minimist@1.2.8:
    resolution: {integrity: sha512-2yyAR8qBkN3YuheJanUpWC5U3bb5osDywNB8RzDVlDwDHbocAJveqqj1u8+SVD7jkWT4yvsHCpWqqWqAxb0zCA==}

  napi-postinstall@0.3.3:
    resolution: {integrity: sha512-uTp172LLXSxuSYHv/kou+f6KW3SMppU9ivthaVTXian9sOt3XM/zHYHpRZiLgQoxeWfYUnslNWQHF1+G71xcow==}
    engines: {node: ^12.20.0 || ^14.18.0 || >=16.0.0}
    hasBin: true

  oxc-resolver@11.8.2:
    resolution: {integrity: sha512-SM31gnF1l4T8YA7dkAcBhA+jc336bc8scy0Tetz6ndzGmV6c0R99SRnx6In0V5ffwvn1Isjo9I9EGSLF4xi3TA==}

  picocolors@1.1.1:
    resolution: {integrity: sha512-xceH2snhtb5M9liqDsmEw56le376mTZkEX/jEb/RxNFyegNul7eNslCXP9FDj/Lcu0X8KEyMceP2ntpaHrDEVA==}

  picomatch@2.3.1:
    resolution: {integrity: sha512-JU3teHTNjmE2VCGFzuY8EXzCDVwEqB2a8fsIvwaStHhAWJEeVd1o1QD80CU6+ZdEXXSLbSsuLwJjkCBWqRQUVA==}
    engines: {node: '>=8.6'}

  picomatch@4.0.3:
    resolution: {integrity: sha512-5gTmgEY/sqK6gFXLIsQNH19lWb4ebPDLA4SdLP7dsWkIXHWlG66oPuVvXSGFPppYZz8ZDZq0dYYrbHfBCVUb1Q==}
    engines: {node: '>=12'}

  queue-microtask@1.2.3:
    resolution: {integrity: sha512-NuaNSa6flKT5JaSYQzJok04JzTL1CA6aGhv5rfLW3PgqA+M2ChpZQnAC8h8i4ZFkBS8X5RqkDBHA7r4hej3K9A==}

  reusify@1.1.0:
    resolution: {integrity: sha512-g6QUff04oZpHs0eG5p83rFLhHeV00ug/Yf9nZM6fLeUrPguBTkTQOdpAWWspMh55TZfVQDPaN3NQJfbVRAxdIw==}
    engines: {iojs: '>=1.0.0', node: '>=0.10.0'}

  run-parallel@1.2.0:
    resolution: {integrity: sha512-5l4VyZR86LZ/lDxZTR6jqL8AFE2S0IFLMP26AbjsLVADxHdhB/c0GUsH+y39UfCi3dzz8OlQuPmnaJOMoDHQBA==}

  smol-toml@1.4.2:
    resolution: {integrity: sha512-rInDH6lCNiEyn3+hH8KVGFdbjc099j47+OSgbMrfDYX1CmXLfdKd7qi6IfcWj2wFxvSVkuI46M+wPGYfEOEj6g==}
    engines: {node: '>= 18'}

  strip-json-comments@5.0.2:
    resolution: {integrity: sha512-4X2FR3UwhNUE9G49aIsJW5hRRR3GXGTBTZRMfv568O60ojM8HcWjV/VxAxCDW3SUND33O6ZY66ZuRcdkj73q2g==}
    engines: {node: '>=14.16'}

  to-regex-range@5.0.1:
    resolution: {integrity: sha512-65P7iz6X5yEr1cwcgvQxbbIw7Uk3gOy5dIdtZ4rDveLqhrdJP+Li/Hx6tyK0NEb+2GCyneCMJiGqrADCSNk8sQ==}
    engines: {node: '>=8.0'}

  tslib@2.8.1:
    resolution: {integrity: sha512-oJFu94HQb+KVduSUQL7wnpmqnfmLsOA/nAh6b6EH0wCEoK0/mPeXU6c3wKDV83MkOuHPRHtSXKKU99IBazS/2w==}

  typescript@5.2.2:
    resolution: {integrity: sha512-mI4WrpHsbCIcwT9cF4FZvr80QUeKvsUsUvKDoR+X/7XHQH98xYD8YHZg7ANtz2GtZt/CBq2QJ0thkGJMHfqc1w==}
    engines: {node: '>=14.17'}
    hasBin: true

  walk-up-path@4.0.0:
    resolution: {integrity: sha512-3hu+tD8YzSLGuFYtPRb48vdhKMi0KQV5sn+uWr8+7dMEq/2G/dtLrdDinkLjqq5TIbIBjYJ4Ax/n3YiaW7QM8A==}
    engines: {node: 20 || >=22}

  zod-validation-error@3.5.3:
    resolution: {integrity: sha512-OT5Y8lbUadqVZCsnyFaTQ4/O2mys4tj7PqhdbBCp7McPwvIEKfPtdA6QfPeFQK2/Rz5LgwmAXRJTugBNBi0btw==}
    engines: {node: '>=18.0.0'}
    peerDependencies:
      zod: ^3.25.0 || ^4.0.0

  zod@3.25.76:
    resolution: {integrity: sha512-gzUt/qt81nXsFGKIFcC3YnfEAx5NkunCfnDlvuBSSFS02bcXu4Lmea0AFIUwbLWxWPx3d9p8S5QoaujKcNQxcQ==}

snapshots:

  '@emnapi/core@1.5.0':
    dependencies:
      '@emnapi/wasi-threads': 1.1.0
      tslib: 2.8.1
    optional: true

  '@emnapi/runtime@1.5.0':
    dependencies:
      tslib: 2.8.1
    optional: true

  '@emnapi/wasi-threads@1.1.0':
    dependencies:
      tslib: 2.8.1
    optional: true

  '@napi-rs/wasm-runtime@1.0.5':
    dependencies:
      '@emnapi/core': 1.5.0
      '@emnapi/runtime': 1.5.0
      '@tybys/wasm-util': 0.10.1
    optional: true

  '@nodelib/fs.scandir@2.1.5':
    dependencies:
      '@nodelib/fs.stat': 2.0.5
      run-parallel: 1.2.0

  '@nodelib/fs.stat@2.0.5': {}

  '@nodelib/fs.walk@1.2.8':
    dependencies:
      '@nodelib/fs.scandir': 2.1.5
      fastq: 1.19.1

  '@oxc-resolver/binding-android-arm-eabi@11.8.2':
    optional: true

  '@oxc-resolver/binding-android-arm64@11.8.2':
    optional: true

  '@oxc-resolver/binding-darwin-arm64@11.8.2':
    optional: true

  '@oxc-resolver/binding-darwin-x64@11.8.2':
    optional: true

  '@oxc-resolver/binding-freebsd-x64@11.8.2':
    optional: true

  '@oxc-resolver/binding-linux-arm-gnueabihf@11.8.2':
    optional: true

  '@oxc-resolver/binding-linux-arm-musleabihf@11.8.2':
    optional: true

  '@oxc-resolver/binding-linux-arm64-gnu@11.8.2':
    optional: true

  '@oxc-resolver/binding-linux-arm64-musl@11.8.2':
    optional: true

  '@oxc-resolver/binding-linux-ppc64-gnu@11.8.2':
    optional: true

  '@oxc-resolver/binding-linux-riscv64-gnu@11.8.2':
    optional: true

  '@oxc-resolver/binding-linux-riscv64-musl@11.8.2':
    optional: true

  '@oxc-resolver/binding-linux-s390x-gnu@11.8.2':
    optional: true

  '@oxc-resolver/binding-linux-x64-gnu@11.8.2':
    optional: true

  '@oxc-resolver/binding-linux-x64-musl@11.8.2':
    optional: true

  '@oxc-resolver/binding-wasm32-wasi@11.8.2':
    dependencies:
      '@napi-rs/wasm-runtime': 1.0.5
    optional: true

  '@oxc-resolver/binding-win32-arm64-msvc@11.8.2':
    optional: true

  '@oxc-resolver/binding-win32-ia32-msvc@11.8.2':
    optional: true

  '@oxc-resolver/binding-win32-x64-msvc@11.8.2':
    optional: true

  '@tybys/wasm-util@0.10.1':
    dependencies:
      tslib: 2.8.1
    optional: true

  '@types/node@20.6.0': {}

  argparse@2.0.1: {}

  braces@3.0.3:
    dependencies:
      fill-range: 7.1.1

  fast-glob@3.3.3:
    dependencies:
      '@nodelib/fs.stat': 2.0.5
      '@nodelib/fs.walk': 1.2.8
      glob-parent: 5.1.2
      merge2: 1.4.1
      micromatch: 4.0.8

  fastq@1.19.1:
    dependencies:
      reusify: 1.1.0

  fd-package-json@2.0.0:
    dependencies:
      walk-up-path: 4.0.0

  fill-range@7.1.1:
    dependencies:
      to-regex-range: 5.0.1

  formatly@0.2.4:
    dependencies:
      fd-package-json: 2.0.0

  glob-parent@5.1.2:
    dependencies:
      is-glob: 4.0.3

  is-extglob@2.1.1: {}

  is-glob@4.0.3:
    dependencies:
      is-extglob: 2.1.1

  is-number@7.0.0: {}

  jiti@2.5.1: {}

  js-yaml@4.1.0:
    dependencies:
      argparse: 2.0.1

  knip@5.60.0(@types/node@20.6.0)(typescript@5.2.2):
    dependencies:
      '@nodelib/fs.walk': 1.2.8
      '@types/node': 20.6.0
      fast-glob: 3.3.3
      formatly: 0.2.4
      jiti: 2.5.1
      js-yaml: 4.1.0
      minimist: 1.2.8
      oxc-resolver: 11.8.2
      picocolors: 1.1.1
      picomatch: 4.0.3
      smol-toml: 1.4.2
      strip-json-comments: 5.0.2
      typescript: 5.2.2
      zod: 3.25.76
      zod-validation-error: 3.5.3(zod@3.25.76)

  merge2@1.4.1: {}

  micromatch@4.0.8:
    dependencies:
      braces: 3.0.3
      picomatch: 2.3.1

  minimist@1.2.8: {}

  napi-postinstall@0.3.3: {}

  oxc-resolver@11.8.2:
    dependencies:
      napi-postinstall: 0.3.3
    optionalDependencies:
      '@oxc-resolver/binding-android-arm-eabi': 11.8.2
      '@oxc-resolver/binding-android-arm64': 11.8.2
      '@oxc-resolver/binding-darwin-arm64': 11.8.2
      '@oxc-resolver/binding-darwin-x64': 11.8.2
      '@oxc-resolver/binding-freebsd-x64': 11.8.2
      '@oxc-resolver/binding-linux-arm-gnueabihf': 11.8.2
      '@oxc-resolver/binding-linux-arm-musleabihf': 11.8.2
      '@oxc-resolver/binding-linux-arm64-gnu': 11.8.2
      '@oxc-resolver/binding-linux-arm64-musl': 11.8.2
      '@oxc-resolver/binding-linux-ppc64-gnu': 11.8.2
      '@oxc-resolver/binding-linux-riscv64-gnu': 11.8.2
      '@oxc-resolver/binding-linux-riscv64-musl': 11.8.2
      '@oxc-resolver/binding-linux-s390x-gnu': 11.8.2
      '@oxc-resolver/binding-linux-x64-gnu': 11.8.2
      '@oxc-resolver/binding-linux-x64-musl': 11.8.2
      '@oxc-resolver/binding-wasm32-wasi': 11.8.2
      '@oxc-resolver/binding-win32-arm64-msvc': 11.8.2
      '@oxc-resolver/binding-win32-ia32-msvc': 11.8.2
      '@oxc-resolver/binding-win32-x64-msvc': 11.8.2

  picocolors@1.1.1: {}

  picomatch@2.3.1: {}

  picomatch@4.0.3: {}

  queue-microtask@1.2.3: {}

  reusify@1.1.0: {}

  run-parallel@1.2.0:
    dependencies:
      queue-microtask: 1.2.3

  smol-toml@1.4.2: {}

  strip-json-comments@5.0.2: {}

  to-regex-range@5.0.1:
    dependencies:
      is-number: 7.0.0

  tslib@2.8.1:
    optional: true

  typescript@5.2.2: {}

  walk-up-path@4.0.0: {}

  zod-validation-error@3.5.3(zod@3.25.76):
    dependencies:
      zod: 3.25.76

  zod@3.25.76: {}
